
Microsoft Visual Studio Solution File, Format Version 12.00
# Visual Studio Version 16
VisualStudioVersion = 16.0.30011.22
MinimumVisualStudioVersion = 10.0.40219.1
Project("{FAE04EC0-301F-11D3-BF4B-00C04F79EFBC}") = "Ejercicio33", "Ejercicio33.csproj", "{604FF972-BE5F-4F58-A886-5AE4401FF0EC}"
EndProject
Global
	GlobalSection(SolutionConfigurationPlatforms) = preSolution
		Debug|Any CPU = Debug|Any CPU
		Release|Any CPU = Release|Any CPU
	EndGlobalSection
	GlobalSection(ProjectConfigurationPlatforms) = postSolution
		{604FF972-BE5F-4F58-A886-5AE4401FF0EC}.Debug|Any CPU.ActiveCfg = Debug|Any CPU
		{604FF972-BE5F-4F58-A886-5AE4401FF0EC}.Debug|Any CPU.Build.0 = Debug|Any CPU
		{604FF972-BE5F-4F58-A886-5AE4401FF0EC}.Release|Any CPU.ActiveCfg = Release|Any CPU
		{604FF972-BE5F-4F58-A886-5AE4401FF0EC}.Release|Any CPU.Build.0 = Release|Any CPU
	EndGlobalSection
	GlobalSection(SolutionProperties) = preSolution
		HideSolutionNode = FALSE
	EndGlobalSection
	GlobalSection(ExtensibilityGlobals) = postSolution
		SolutionGuid = {5E1DFF1E-FA03-46B4-8011-1FD6799F335F}
	EndGlobalSection
EndGlobal
