
Microsoft Visual Studio Solution File, Format Version 12.00
# Visual Studio Version 16
VisualStudioVersion = 16.0.30011.22
MinimumVisualStudioVersion = 10.0.40219.1
Project("{FAE04EC0-301F-11D3-BF4B-00C04F79EFBC}") = "VistaConsola", "VistaConsola\VistaConsola.csproj", "{794E0D85-C59F-42F3-AEDF-B4980AB38471}"
EndProject
Project("{FAE04EC0-301F-11D3-BF4B-00C04F79EFBC}") = "Entidades", "Entidades\Entidades.csproj", "{2EEFB7EB-F2FB-46E5-969F-DDDEE33CED77}"
EndProject
Project("{FAE04EC0-301F-11D3-BF4B-00C04F79EFBC}") = "VistaForm", "VistaForm\VistaForm.csproj", "{DD9204FA-4C3F-47F4-B895-2A8B711FDE28}"
EndProject
Global
	GlobalSection(SolutionConfigurationPlatforms) = preSolution
		Debug|Any CPU = Debug|Any CPU
		Release|Any CPU = Release|Any CPU
	EndGlobalSection
	GlobalSection(ProjectConfigurationPlatforms) = postSolution
		{794E0D85-C59F-42F3-AEDF-B4980AB38471}.Debug|Any CPU.ActiveCfg = Debug|Any CPU
		{794E0D85-C59F-42F3-AEDF-B4980AB38471}.Debug|Any CPU.Build.0 = Debug|Any CPU
		{794E0D85-C59F-42F3-AEDF-B4980AB38471}.Release|Any CPU.ActiveCfg = Release|Any CPU
		{794E0D85-C59F-42F3-AEDF-B4980AB38471}.Release|Any CPU.Build.0 = Release|Any CPU
		{2EEFB7EB-F2FB-46E5-969F-DDDEE33CED77}.Debug|Any CPU.ActiveCfg = Debug|Any CPU
		{2EEFB7EB-F2FB-46E5-969F-DDDEE33CED77}.Debug|Any CPU.Build.0 = Debug|Any CPU
		{2EEFB7EB-F2FB-46E5-969F-DDDEE33CED77}.Release|Any CPU.ActiveCfg = Release|Any CPU
		{2EEFB7EB-F2FB-46E5-969F-DDDEE33CED77}.Release|Any CPU.Build.0 = Release|Any CPU
		{DD9204FA-4C3F-47F4-B895-2A8B711FDE28}.Debug|Any CPU.ActiveCfg = Debug|Any CPU
		{DD9204FA-4C3F-47F4-B895-2A8B711FDE28}.Debug|Any CPU.Build.0 = Debug|Any CPU
		{DD9204FA-4C3F-47F4-B895-2A8B711FDE28}.Release|Any CPU.ActiveCfg = Release|Any CPU
		{DD9204FA-4C3F-47F4-B895-2A8B711FDE28}.Release|Any CPU.Build.0 = Release|Any CPU
	EndGlobalSection
	GlobalSection(SolutionProperties) = preSolution
		HideSolutionNode = FALSE
	EndGlobalSection
	GlobalSection(ExtensibilityGlobals) = postSolution
		SolutionGuid = {F1AA776D-EFCC-4A45-AB13-6479A423EFDD}
	EndGlobalSection
EndGlobal
