
Microsoft Visual Studio Solution File, Format Version 12.00
# Visual Studio Version 16
VisualStudioVersion = 16.0.30011.22
MinimumVisualStudioVersion = 10.0.40219.1
Project("{FAE04EC0-301F-11D3-BF4B-00C04F79EFBC}") = "ejercicio33", "ejercicio33\ejercicio33.csproj", "{78CC3135-0C4E-451E-A05C-147A6DCC6362}"
EndProject
Project("{FAE04EC0-301F-11D3-BF4B-00C04F79EFBC}") = "libro", "libro\libro.csproj", "{5EAD4AE2-B3FC-4116-ADA9-F96799E6B9BF}"
EndProject
Global
	GlobalSection(SolutionConfigurationPlatforms) = preSolution
		Debug|Any CPU = Debug|Any CPU
		Release|Any CPU = Release|Any CPU
	EndGlobalSection
	GlobalSection(ProjectConfigurationPlatforms) = postSolution
		{78CC3135-0C4E-451E-A05C-147A6DCC6362}.Debug|Any CPU.ActiveCfg = Debug|Any CPU
		{78CC3135-0C4E-451E-A05C-147A6DCC6362}.Debug|Any CPU.Build.0 = Debug|Any CPU
		{78CC3135-0C4E-451E-A05C-147A6DCC6362}.Release|Any CPU.ActiveCfg = Release|Any CPU
		{78CC3135-0C4E-451E-A05C-147A6DCC6362}.Release|Any CPU.Build.0 = Release|Any CPU
		{5EAD4AE2-B3FC-4116-ADA9-F96799E6B9BF}.Debug|Any CPU.ActiveCfg = Debug|Any CPU
		{5EAD4AE2-B3FC-4116-ADA9-F96799E6B9BF}.Debug|Any CPU.Build.0 = Debug|Any CPU
		{5EAD4AE2-B3FC-4116-ADA9-F96799E6B9BF}.Release|Any CPU.ActiveCfg = Release|Any CPU
		{5EAD4AE2-B3FC-4116-ADA9-F96799E6B9BF}.Release|Any CPU.Build.0 = Release|Any CPU
	EndGlobalSection
	GlobalSection(SolutionProperties) = preSolution
		HideSolutionNode = FALSE
	EndGlobalSection
	GlobalSection(ExtensibilityGlobals) = postSolution
		SolutionGuid = {FC24E02C-5C36-4856-BAC9-457EBFC8A1DB}
	EndGlobalSection
EndGlobal
