
Microsoft Visual Studio Solution File, Format Version 12.00
# Visual Studio Version 16
VisualStudioVersion = 16.0.31321.278
MinimumVisualStudioVersion = 10.0.40219.1
Project("{FAE04EC0-301F-11D3-BF4B-00C04F79EFBC}") = "Consola", "Consola\Consola.csproj", "{67BF9F96-D785-473B-AD5E-CE6B6D626D5A}"
EndProject
Project("{FAE04EC0-301F-11D3-BF4B-00C04F79EFBC}") = "Entidades", "Entidades\Entidades.csproj", "{D578E284-7A85-472E-BDCE-0B2D3B73FB95}"
EndProject
Global
	GlobalSection(SolutionConfigurationPlatforms) = preSolution
		Debug|Any CPU = Debug|Any CPU
		Release|Any CPU = Release|Any CPU
	EndGlobalSection
	GlobalSection(ProjectConfigurationPlatforms) = postSolution
		{67BF9F96-D785-473B-AD5E-CE6B6D626D5A}.Debug|Any CPU.ActiveCfg = Debug|Any CPU
		{67BF9F96-D785-473B-AD5E-CE6B6D626D5A}.Debug|Any CPU.Build.0 = Debug|Any CPU
		{67BF9F96-D785-473B-AD5E-CE6B6D626D5A}.Release|Any CPU.ActiveCfg = Release|Any CPU
		{67BF9F96-D785-473B-AD5E-CE6B6D626D5A}.Release|Any CPU.Build.0 = Release|Any CPU
		{D578E284-7A85-472E-BDCE-0B2D3B73FB95}.Debug|Any CPU.ActiveCfg = Debug|Any CPU
		{D578E284-7A85-472E-BDCE-0B2D3B73FB95}.Debug|Any CPU.Build.0 = Debug|Any CPU
		{D578E284-7A85-472E-BDCE-0B2D3B73FB95}.Release|Any CPU.ActiveCfg = Release|Any CPU
		{D578E284-7A85-472E-BDCE-0B2D3B73FB95}.Release|Any CPU.Build.0 = Release|Any CPU
	EndGlobalSection
	GlobalSection(SolutionProperties) = preSolution
		HideSolutionNode = FALSE
	EndGlobalSection
	GlobalSection(ExtensibilityGlobals) = postSolution
		SolutionGuid = {3FE9E3AC-83FB-48A9-8227-B79C4DE57300}
	EndGlobalSection
EndGlobal
