
Microsoft Visual Studio Solution File, Format Version 12.00
# Visual Studio Version 16
VisualStudioVersion = 16.0.30011.22
MinimumVisualStudioVersion = 10.0.40219.1
Project("{FAE04EC0-301F-11D3-BF4B-00C04F79EFBC}") = "Calculadora de formas", "Calculadora de formas.csproj", "{8040F9E2-CA9A-472A-8853-F9C703A42DC2}"
EndProject
Project("{FAE04EC0-301F-11D3-BF4B-00C04F79EFBC}") = "BibliotecaClases", "..\BibliotecaClases\BibliotecaClases.csproj", "{BAB9F1FB-587A-482C-A4D8-F927A694C52E}"
EndProject
Global
	GlobalSection(SolutionConfigurationPlatforms) = preSolution
		Debug|Any CPU = Debug|Any CPU
		Release|Any CPU = Release|Any CPU
	EndGlobalSection
	GlobalSection(ProjectConfigurationPlatforms) = postSolution
		{8040F9E2-CA9A-472A-8853-F9C703A42DC2}.Debug|Any CPU.ActiveCfg = Debug|Any CPU
		{8040F9E2-CA9A-472A-8853-F9C703A42DC2}.Debug|Any CPU.Build.0 = Debug|Any CPU
		{8040F9E2-CA9A-472A-8853-F9C703A42DC2}.Release|Any CPU.ActiveCfg = Release|Any CPU
		{8040F9E2-CA9A-472A-8853-F9C703A42DC2}.Release|Any CPU.Build.0 = Release|Any CPU
		{BAB9F1FB-587A-482C-A4D8-F927A694C52E}.Debug|Any CPU.ActiveCfg = Debug|Any CPU
		{BAB9F1FB-587A-482C-A4D8-F927A694C52E}.Debug|Any CPU.Build.0 = Debug|Any CPU
		{BAB9F1FB-587A-482C-A4D8-F927A694C52E}.Release|Any CPU.ActiveCfg = Release|Any CPU
		{BAB9F1FB-587A-482C-A4D8-F927A694C52E}.Release|Any CPU.Build.0 = Release|Any CPU
	EndGlobalSection
	GlobalSection(SolutionProperties) = preSolution
		HideSolutionNode = FALSE
	EndGlobalSection
	GlobalSection(ExtensibilityGlobals) = postSolution
		SolutionGuid = {F6BEAFA2-C6F8-4C33-8D31-94246E05FEEF}
	EndGlobalSection
EndGlobal
