
Microsoft Visual Studio Solution File, Format Version 12.00
# Visual Studio Version 16
VisualStudioVersion = 16.0.30011.22
MinimumVisualStudioVersion = 10.0.40219.1
Project("{FAE04EC0-301F-11D3-BF4B-00C04F79EFBC}") = "CentralTelefonica", "CentralTelefonica.csproj", "{281C82EA-14D1-4617-A2DF-764C60686DB0}"
EndProject
Project("{FAE04EC0-301F-11D3-BF4B-00C04F79EFBC}") = "CentralitaHerencia", "..\CentralitaHerencia\CentralitaHerencia.csproj", "{DCD0E17D-0D4C-4E77-B3B1-6D6ED7832B0C}"
EndProject
Global
	GlobalSection(SolutionConfigurationPlatforms) = preSolution
		Debug|Any CPU = Debug|Any CPU
		Release|Any CPU = Release|Any CPU
	EndGlobalSection
	GlobalSection(ProjectConfigurationPlatforms) = postSolution
		{281C82EA-14D1-4617-A2DF-764C60686DB0}.Debug|Any CPU.ActiveCfg = Debug|Any CPU
		{281C82EA-14D1-4617-A2DF-764C60686DB0}.Debug|Any CPU.Build.0 = Debug|Any CPU
		{281C82EA-14D1-4617-A2DF-764C60686DB0}.Release|Any CPU.ActiveCfg = Release|Any CPU
		{281C82EA-14D1-4617-A2DF-764C60686DB0}.Release|Any CPU.Build.0 = Release|Any CPU
		{DCD0E17D-0D4C-4E77-B3B1-6D6ED7832B0C}.Debug|Any CPU.ActiveCfg = Debug|Any CPU
		{DCD0E17D-0D4C-4E77-B3B1-6D6ED7832B0C}.Debug|Any CPU.Build.0 = Debug|Any CPU
		{DCD0E17D-0D4C-4E77-B3B1-6D6ED7832B0C}.Release|Any CPU.ActiveCfg = Release|Any CPU
		{DCD0E17D-0D4C-4E77-B3B1-6D6ED7832B0C}.Release|Any CPU.Build.0 = Release|Any CPU
	EndGlobalSection
	GlobalSection(SolutionProperties) = preSolution
		HideSolutionNode = FALSE
	EndGlobalSection
	GlobalSection(ExtensibilityGlobals) = postSolution
		SolutionGuid = {F530B905-1CD7-4AB4-A2BE-051239B63291}
	EndGlobalSection
EndGlobal
