
Microsoft Visual Studio Solution File, Format Version 12.00
# Visual Studio Version 16
VisualStudioVersion = 16.0.30011.22
MinimumVisualStudioVersion = 10.0.40219.1
Project("{FAE04EC0-301F-11D3-BF4B-00C04F79EFBC}") = "Ejercicio47", "Ejercicio47.csproj", "{EE4937C4-8556-4890-A103-CAE9F02FFCB9}"
EndProject
Global
	GlobalSection(SolutionConfigurationPlatforms) = preSolution
		Debug|Any CPU = Debug|Any CPU
		Release|Any CPU = Release|Any CPU
	EndGlobalSection
	GlobalSection(ProjectConfigurationPlatforms) = postSolution
		{EE4937C4-8556-4890-A103-CAE9F02FFCB9}.Debug|Any CPU.ActiveCfg = Debug|Any CPU
		{EE4937C4-8556-4890-A103-CAE9F02FFCB9}.Debug|Any CPU.Build.0 = Debug|Any CPU
		{EE4937C4-8556-4890-A103-CAE9F02FFCB9}.Release|Any CPU.ActiveCfg = Release|Any CPU
		{EE4937C4-8556-4890-A103-CAE9F02FFCB9}.Release|Any CPU.Build.0 = Release|Any CPU
	EndGlobalSection
	GlobalSection(SolutionProperties) = preSolution
		HideSolutionNode = FALSE
	EndGlobalSection
	GlobalSection(ExtensibilityGlobals) = postSolution
		SolutionGuid = {DF319B4C-80C2-41F3-B552-1267E0813E6C}
	EndGlobalSection
EndGlobal
