
Microsoft Visual Studio Solution File, Format Version 12.00
# Visual Studio Version 16
VisualStudioVersion = 16.0.29920.165
MinimumVisualStudioVersion = 10.0.40219.1
Project("{FAE04EC0-301F-11D3-BF4B-00C04F79EFBC}") = "ejercicio16", "ejercicio16\ejercicio16.csproj", "{0AA66793-F76B-45DD-8D31-D82D289CF3E7}"
EndProject
Project("{FAE04EC0-301F-11D3-BF4B-00C04F79EFBC}") = "ejercicio17", "ejercicio17\ejercicio17.csproj", "{A9354A4E-643F-48B4-9FC0-A603AC525B25}"
EndProject
Project("{FAE04EC0-301F-11D3-BF4B-00C04F79EFBC}") = "ejercicio18", "ejercicio18\ejercicio18.csproj", "{AD689F94-778D-41F5-8048-5D6ABDB62020}"
EndProject
Global
	GlobalSection(SolutionConfigurationPlatforms) = preSolution
		Debug|Any CPU = Debug|Any CPU
		Release|Any CPU = Release|Any CPU
	EndGlobalSection
	GlobalSection(ProjectConfigurationPlatforms) = postSolution
		{0AA66793-F76B-45DD-8D31-D82D289CF3E7}.Debug|Any CPU.ActiveCfg = Debug|Any CPU
		{0AA66793-F76B-45DD-8D31-D82D289CF3E7}.Debug|Any CPU.Build.0 = Debug|Any CPU
		{0AA66793-F76B-45DD-8D31-D82D289CF3E7}.Release|Any CPU.ActiveCfg = Release|Any CPU
		{0AA66793-F76B-45DD-8D31-D82D289CF3E7}.Release|Any CPU.Build.0 = Release|Any CPU
		{A9354A4E-643F-48B4-9FC0-A603AC525B25}.Debug|Any CPU.ActiveCfg = Debug|Any CPU
		{A9354A4E-643F-48B4-9FC0-A603AC525B25}.Debug|Any CPU.Build.0 = Debug|Any CPU
		{A9354A4E-643F-48B4-9FC0-A603AC525B25}.Release|Any CPU.ActiveCfg = Release|Any CPU
		{A9354A4E-643F-48B4-9FC0-A603AC525B25}.Release|Any CPU.Build.0 = Release|Any CPU
		{AD689F94-778D-41F5-8048-5D6ABDB62020}.Debug|Any CPU.ActiveCfg = Debug|Any CPU
		{AD689F94-778D-41F5-8048-5D6ABDB62020}.Debug|Any CPU.Build.0 = Debug|Any CPU
		{AD689F94-778D-41F5-8048-5D6ABDB62020}.Release|Any CPU.ActiveCfg = Release|Any CPU
		{AD689F94-778D-41F5-8048-5D6ABDB62020}.Release|Any CPU.Build.0 = Release|Any CPU
	EndGlobalSection
	GlobalSection(SolutionProperties) = preSolution
		HideSolutionNode = FALSE
	EndGlobalSection
	GlobalSection(ExtensibilityGlobals) = postSolution
		SolutionGuid = {14848914-20B2-4854-93C7-5D17C688E9D1}
	EndGlobalSection
EndGlobal
