
Microsoft Visual Studio Solution File, Format Version 12.00
# Visual Studio Version 16
VisualStudioVersion = 16.0.31624.102
MinimumVisualStudioVersion = 10.0.40219.1
Project("{FAE04EC0-301F-11D3-BF4B-00C04F79EFBC}") = "Entidades", "Entidades\Entidades.csproj", "{155E9891-4ECB-44D6-A28A-F77FC3833000}"
EndProject
Project("{FAE04EC0-301F-11D3-BF4B-00C04F79EFBC}") = "VistaFrm", "VistaFrm\VistaFrm.csproj", "{FB6482F9-BA04-4C34-B5D9-AE49A4E26EC1}"
EndProject
Global
	GlobalSection(SolutionConfigurationPlatforms) = preSolution
		Debug|Any CPU = Debug|Any CPU
		Release|Any CPU = Release|Any CPU
	EndGlobalSection
	GlobalSection(ProjectConfigurationPlatforms) = postSolution
		{155E9891-4ECB-44D6-A28A-F77FC3833000}.Debug|Any CPU.ActiveCfg = Debug|Any CPU
		{155E9891-4ECB-44D6-A28A-F77FC3833000}.Debug|Any CPU.Build.0 = Debug|Any CPU
		{155E9891-4ECB-44D6-A28A-F77FC3833000}.Release|Any CPU.ActiveCfg = Release|Any CPU
		{155E9891-4ECB-44D6-A28A-F77FC3833000}.Release|Any CPU.Build.0 = Release|Any CPU
		{FB6482F9-BA04-4C34-B5D9-AE49A4E26EC1}.Debug|Any CPU.ActiveCfg = Debug|Any CPU
		{FB6482F9-BA04-4C34-B5D9-AE49A4E26EC1}.Debug|Any CPU.Build.0 = Debug|Any CPU
		{FB6482F9-BA04-4C34-B5D9-AE49A4E26EC1}.Release|Any CPU.ActiveCfg = Release|Any CPU
		{FB6482F9-BA04-4C34-B5D9-AE49A4E26EC1}.Release|Any CPU.Build.0 = Release|Any CPU
	EndGlobalSection
	GlobalSection(SolutionProperties) = preSolution
		HideSolutionNode = FALSE
	EndGlobalSection
	GlobalSection(ExtensibilityGlobals) = postSolution
		SolutionGuid = {AC331B42-69F2-4DC5-9436-4A5BA98622FF}
	EndGlobalSection
EndGlobal
