
Microsoft Visual Studio Solution File, Format Version 12.00
# Visual Studio Version 16
VisualStudioVersion = 16.0.30011.22
MinimumVisualStudioVersion = 10.0.40219.1
Project("{FAE04EC0-301F-11D3-BF4B-00C04F79EFBC}") = "Ejercicio45", "Ejercicio45.csproj", "{8E013365-EB68-4615-8102-DEFA8B5E7F6B}"
EndProject
Project("{FAE04EC0-301F-11D3-BF4B-00C04F79EFBC}") = "TestUnitarios", "TestUnitarios\TestUnitarios.csproj", "{D97F4F50-D0A9-4262-ADF7-300E35358987}"
EndProject
Global
	GlobalSection(SolutionConfigurationPlatforms) = preSolution
		Debug|Any CPU = Debug|Any CPU
		Release|Any CPU = Release|Any CPU
	EndGlobalSection
	GlobalSection(ProjectConfigurationPlatforms) = postSolution
		{8E013365-EB68-4615-8102-DEFA8B5E7F6B}.Debug|Any CPU.ActiveCfg = Debug|Any CPU
		{8E013365-EB68-4615-8102-DEFA8B5E7F6B}.Debug|Any CPU.Build.0 = Debug|Any CPU
		{8E013365-EB68-4615-8102-DEFA8B5E7F6B}.Release|Any CPU.ActiveCfg = Release|Any CPU
		{8E013365-EB68-4615-8102-DEFA8B5E7F6B}.Release|Any CPU.Build.0 = Release|Any CPU
		{D97F4F50-D0A9-4262-ADF7-300E35358987}.Debug|Any CPU.ActiveCfg = Debug|Any CPU
		{D97F4F50-D0A9-4262-ADF7-300E35358987}.Debug|Any CPU.Build.0 = Debug|Any CPU
		{D97F4F50-D0A9-4262-ADF7-300E35358987}.Release|Any CPU.ActiveCfg = Release|Any CPU
		{D97F4F50-D0A9-4262-ADF7-300E35358987}.Release|Any CPU.Build.0 = Release|Any CPU
	EndGlobalSection
	GlobalSection(SolutionProperties) = preSolution
		HideSolutionNode = FALSE
	EndGlobalSection
	GlobalSection(ExtensibilityGlobals) = postSolution
		SolutionGuid = {554FBACF-5A31-45A7-8C8E-4477E3958EF5}
	EndGlobalSection
EndGlobal
