
Microsoft Visual Studio Solution File, Format Version 12.00
# Visual Studio Version 16
VisualStudioVersion = 16.0.31321.278
MinimumVisualStudioVersion = 10.0.40219.1
Project("{FAE04EC0-301F-11D3-BF4B-00C04F79EFBC}") = "Consola", "Consola\Consola.csproj", "{AB865B52-843B-4648-BA21-A859CD3B8F80}"
EndProject
Project("{FAE04EC0-301F-11D3-BF4B-00C04F79EFBC}") = "Entidades", "Entidades\Entidades.csproj", "{B39CEE0C-9D43-43F1-9857-00FA249490DA}"
EndProject
Global
	GlobalSection(SolutionConfigurationPlatforms) = preSolution
		Debug|Any CPU = Debug|Any CPU
		Release|Any CPU = Release|Any CPU
	EndGlobalSection
	GlobalSection(ProjectConfigurationPlatforms) = postSolution
		{AB865B52-843B-4648-BA21-A859CD3B8F80}.Debug|Any CPU.ActiveCfg = Debug|Any CPU
		{AB865B52-843B-4648-BA21-A859CD3B8F80}.Debug|Any CPU.Build.0 = Debug|Any CPU
		{AB865B52-843B-4648-BA21-A859CD3B8F80}.Release|Any CPU.ActiveCfg = Release|Any CPU
		{AB865B52-843B-4648-BA21-A859CD3B8F80}.Release|Any CPU.Build.0 = Release|Any CPU
		{B39CEE0C-9D43-43F1-9857-00FA249490DA}.Debug|Any CPU.ActiveCfg = Debug|Any CPU
		{B39CEE0C-9D43-43F1-9857-00FA249490DA}.Debug|Any CPU.Build.0 = Debug|Any CPU
		{B39CEE0C-9D43-43F1-9857-00FA249490DA}.Release|Any CPU.ActiveCfg = Release|Any CPU
		{B39CEE0C-9D43-43F1-9857-00FA249490DA}.Release|Any CPU.Build.0 = Release|Any CPU
	EndGlobalSection
	GlobalSection(SolutionProperties) = preSolution
		HideSolutionNode = FALSE
	EndGlobalSection
	GlobalSection(ExtensibilityGlobals) = postSolution
		SolutionGuid = {7CA13621-420D-4F4D-A2DD-3C5F3818CC16}
	EndGlobalSection
EndGlobal
