
Microsoft Visual Studio Solution File, Format Version 12.00
# Visual Studio Version 16
VisualStudioVersion = 16.0.30011.22
MinimumVisualStudioVersion = 10.0.40219.1
Project("{FAE04EC0-301F-11D3-BF4B-00C04F79EFBC}") = "Casteo_Parseo I", "Casteo_Parseo I\Casteo_Parseo I.csproj", "{0D9F6C43-8A9A-4869-A2D7-88FF78BB4E4F}"
EndProject
Project("{FAE04EC0-301F-11D3-BF4B-00C04F79EFBC}") = "Casteo_Parseo II", "Casteo_Parseo II\Casteo_Parseo II.csproj", "{639C150D-9495-4796-8D5B-159EC931D1F4}"
EndProject
Project("{FAE04EC0-301F-11D3-BF4B-00C04F79EFBC}") = "Ejercicio_clase1", "Ejercicio_clase1\Ejercicio_clase1.csproj", "{43D30064-945A-4DE3-BB23-A12EB37799B9}"
EndProject
Global
	GlobalSection(SolutionConfigurationPlatforms) = preSolution
		Debug|Any CPU = Debug|Any CPU
		Release|Any CPU = Release|Any CPU
	EndGlobalSection
	GlobalSection(ProjectConfigurationPlatforms) = postSolution
		{0D9F6C43-8A9A-4869-A2D7-88FF78BB4E4F}.Debug|Any CPU.ActiveCfg = Debug|Any CPU
		{0D9F6C43-8A9A-4869-A2D7-88FF78BB4E4F}.Debug|Any CPU.Build.0 = Debug|Any CPU
		{0D9F6C43-8A9A-4869-A2D7-88FF78BB4E4F}.Release|Any CPU.ActiveCfg = Release|Any CPU
		{0D9F6C43-8A9A-4869-A2D7-88FF78BB4E4F}.Release|Any CPU.Build.0 = Release|Any CPU
		{639C150D-9495-4796-8D5B-159EC931D1F4}.Debug|Any CPU.ActiveCfg = Debug|Any CPU
		{639C150D-9495-4796-8D5B-159EC931D1F4}.Debug|Any CPU.Build.0 = Debug|Any CPU
		{639C150D-9495-4796-8D5B-159EC931D1F4}.Release|Any CPU.ActiveCfg = Release|Any CPU
		{639C150D-9495-4796-8D5B-159EC931D1F4}.Release|Any CPU.Build.0 = Release|Any CPU
		{43D30064-945A-4DE3-BB23-A12EB37799B9}.Debug|Any CPU.ActiveCfg = Debug|Any CPU
		{43D30064-945A-4DE3-BB23-A12EB37799B9}.Debug|Any CPU.Build.0 = Debug|Any CPU
		{43D30064-945A-4DE3-BB23-A12EB37799B9}.Release|Any CPU.ActiveCfg = Release|Any CPU
		{43D30064-945A-4DE3-BB23-A12EB37799B9}.Release|Any CPU.Build.0 = Release|Any CPU
	EndGlobalSection
	GlobalSection(SolutionProperties) = preSolution
		HideSolutionNode = FALSE
	EndGlobalSection
	GlobalSection(ExtensibilityGlobals) = postSolution
		SolutionGuid = {8E028081-7225-441F-87C2-73C15D82ECF2}
	EndGlobalSection
EndGlobal
