
Microsoft Visual Studio Solution File, Format Version 12.00
# Visual Studio Version 16
VisualStudioVersion = 16.0.29920.165
MinimumVisualStudioVersion = 10.0.40219.1
Project("{FAE04EC0-301F-11D3-BF4B-00C04F79EFBC}") = "ejercicio19", "ejercicio19\ejercicio19.csproj", "{25EFDF06-1795-4652-A56F-6406D9C0A2C1}"
EndProject
Project("{FAE04EC0-301F-11D3-BF4B-00C04F79EFBC}") = "ejercicio20", "ejercicio20\ejercicio20.csproj", "{8BF7CD40-4D28-4B30-977E-13D4FFA9830F}"
EndProject
Project("{FAE04EC0-301F-11D3-BF4B-00C04F79EFBC}") = "ejercicio21", "ejercicio21\ejercicio21.csproj", "{988A19B6-5D97-4436-BDC4-3736D0FC2CF9}"
EndProject
Global
	GlobalSection(SolutionConfigurationPlatforms) = preSolution
		Debug|Any CPU = Debug|Any CPU
		Release|Any CPU = Release|Any CPU
	EndGlobalSection
	GlobalSection(ProjectConfigurationPlatforms) = postSolution
		{25EFDF06-1795-4652-A56F-6406D9C0A2C1}.Debug|Any CPU.ActiveCfg = Debug|Any CPU
		{25EFDF06-1795-4652-A56F-6406D9C0A2C1}.Debug|Any CPU.Build.0 = Debug|Any CPU
		{25EFDF06-1795-4652-A56F-6406D9C0A2C1}.Release|Any CPU.ActiveCfg = Release|Any CPU
		{25EFDF06-1795-4652-A56F-6406D9C0A2C1}.Release|Any CPU.Build.0 = Release|Any CPU
		{8BF7CD40-4D28-4B30-977E-13D4FFA9830F}.Debug|Any CPU.ActiveCfg = Debug|Any CPU
		{8BF7CD40-4D28-4B30-977E-13D4FFA9830F}.Debug|Any CPU.Build.0 = Debug|Any CPU
		{8BF7CD40-4D28-4B30-977E-13D4FFA9830F}.Release|Any CPU.ActiveCfg = Release|Any CPU
		{8BF7CD40-4D28-4B30-977E-13D4FFA9830F}.Release|Any CPU.Build.0 = Release|Any CPU
		{988A19B6-5D97-4436-BDC4-3736D0FC2CF9}.Debug|Any CPU.ActiveCfg = Debug|Any CPU
		{988A19B6-5D97-4436-BDC4-3736D0FC2CF9}.Debug|Any CPU.Build.0 = Debug|Any CPU
		{988A19B6-5D97-4436-BDC4-3736D0FC2CF9}.Release|Any CPU.ActiveCfg = Release|Any CPU
		{988A19B6-5D97-4436-BDC4-3736D0FC2CF9}.Release|Any CPU.Build.0 = Release|Any CPU
	EndGlobalSection
	GlobalSection(SolutionProperties) = preSolution
		HideSolutionNode = FALSE
	EndGlobalSection
	GlobalSection(ExtensibilityGlobals) = postSolution
		SolutionGuid = {95D6AD32-0585-40B6-A6ED-F18FDEF043D7}
	EndGlobalSection
EndGlobal
