
Microsoft Visual Studio Solution File, Format Version 12.00
# Visual Studio Version 16
VisualStudioVersion = 16.0.29920.165
MinimumVisualStudioVersion = 10.0.40219.1
Project("{FAE04EC0-301F-11D3-BF4B-00C04F79EFBC}") = "ejercicio12", "ejercicio12\ejercicio12.csproj", "{FBBBB159-4714-4EEF-BC88-D36636451568}"
EndProject
Project("{FAE04EC0-301F-11D3-BF4B-00C04F79EFBC}") = "ejercicio11", "ejercicio11\ejercicio11.csproj", "{ED44765A-2F30-48C9-BDC5-917142E893B7}"
EndProject
Project("{FAE04EC0-301F-11D3-BF4B-00C04F79EFBC}") = "ejercicio13", "ejercicio13\ejercicio13.csproj", "{D91D0C19-1D33-437A-9B2C-6CA2C3E23101}"
EndProject
Project("{FAE04EC0-301F-11D3-BF4B-00C04F79EFBC}") = "ejercicio14", "ejercicio14\ejercicio14.csproj", "{C92C76B7-237C-4F3B-B181-E59187BE9CD5}"
EndProject
Project("{FAE04EC0-301F-11D3-BF4B-00C04F79EFBC}") = "ejercicio15", "ejercicio15\ejercicio15.csproj", "{2A66B722-ACEB-4DA9-A1AC-96F5DB04A156}"
EndProject
Global
	GlobalSection(SolutionConfigurationPlatforms) = preSolution
		Debug|Any CPU = Debug|Any CPU
		Release|Any CPU = Release|Any CPU
	EndGlobalSection
	GlobalSection(ProjectConfigurationPlatforms) = postSolution
		{FBBBB159-4714-4EEF-BC88-D36636451568}.Debug|Any CPU.ActiveCfg = Debug|Any CPU
		{FBBBB159-4714-4EEF-BC88-D36636451568}.Debug|Any CPU.Build.0 = Debug|Any CPU
		{FBBBB159-4714-4EEF-BC88-D36636451568}.Release|Any CPU.ActiveCfg = Release|Any CPU
		{FBBBB159-4714-4EEF-BC88-D36636451568}.Release|Any CPU.Build.0 = Release|Any CPU
		{ED44765A-2F30-48C9-BDC5-917142E893B7}.Debug|Any CPU.ActiveCfg = Debug|Any CPU
		{ED44765A-2F30-48C9-BDC5-917142E893B7}.Debug|Any CPU.Build.0 = Debug|Any CPU
		{ED44765A-2F30-48C9-BDC5-917142E893B7}.Release|Any CPU.ActiveCfg = Release|Any CPU
		{ED44765A-2F30-48C9-BDC5-917142E893B7}.Release|Any CPU.Build.0 = Release|Any CPU
		{D91D0C19-1D33-437A-9B2C-6CA2C3E23101}.Debug|Any CPU.ActiveCfg = Debug|Any CPU
		{D91D0C19-1D33-437A-9B2C-6CA2C3E23101}.Debug|Any CPU.Build.0 = Debug|Any CPU
		{D91D0C19-1D33-437A-9B2C-6CA2C3E23101}.Release|Any CPU.ActiveCfg = Release|Any CPU
		{D91D0C19-1D33-437A-9B2C-6CA2C3E23101}.Release|Any CPU.Build.0 = Release|Any CPU
		{C92C76B7-237C-4F3B-B181-E59187BE9CD5}.Debug|Any CPU.ActiveCfg = Debug|Any CPU
		{C92C76B7-237C-4F3B-B181-E59187BE9CD5}.Debug|Any CPU.Build.0 = Debug|Any CPU
		{C92C76B7-237C-4F3B-B181-E59187BE9CD5}.Release|Any CPU.ActiveCfg = Release|Any CPU
		{C92C76B7-237C-4F3B-B181-E59187BE9CD5}.Release|Any CPU.Build.0 = Release|Any CPU
		{2A66B722-ACEB-4DA9-A1AC-96F5DB04A156}.Debug|Any CPU.ActiveCfg = Debug|Any CPU
		{2A66B722-ACEB-4DA9-A1AC-96F5DB04A156}.Debug|Any CPU.Build.0 = Debug|Any CPU
		{2A66B722-ACEB-4DA9-A1AC-96F5DB04A156}.Release|Any CPU.ActiveCfg = Release|Any CPU
		{2A66B722-ACEB-4DA9-A1AC-96F5DB04A156}.Release|Any CPU.Build.0 = Release|Any CPU
	EndGlobalSection
	GlobalSection(SolutionProperties) = preSolution
		HideSolutionNode = FALSE
	EndGlobalSection
	GlobalSection(ExtensibilityGlobals) = postSolution
		SolutionGuid = {3CEAE3C0-6A92-4B76-A982-2969D48E2E57}
	EndGlobalSection
EndGlobal
