
Microsoft Visual Studio Solution File, Format Version 12.00
# Visual Studio Version 16
VisualStudioVersion = 16.0.29920.165
MinimumVisualStudioVersion = 10.0.40219.1
Project("{FAE04EC0-301F-11D3-BF4B-00C04F79EFBC}") = "Entidades", "ejercicio24\Entidades.csproj", "{ED5869AC-316D-49F2-A67B-2B5FFD6A2DEE}"
EndProject
Project("{FAE04EC0-301F-11D3-BF4B-00C04F79EFBC}") = "WindowsFormsApp1", "WindowsFormsApp1\WindowsFormsApp1.csproj", "{D9CB414C-3453-4E09-8D5C-F8C8EF1284FD}"
EndProject
Global
	GlobalSection(SolutionConfigurationPlatforms) = preSolution
		Debug|Any CPU = Debug|Any CPU
		Release|Any CPU = Release|Any CPU
	EndGlobalSection
	GlobalSection(ProjectConfigurationPlatforms) = postSolution
		{ED5869AC-316D-49F2-A67B-2B5FFD6A2DEE}.Debug|Any CPU.ActiveCfg = Debug|Any CPU
		{ED5869AC-316D-49F2-A67B-2B5FFD6A2DEE}.Debug|Any CPU.Build.0 = Debug|Any CPU
		{ED5869AC-316D-49F2-A67B-2B5FFD6A2DEE}.Release|Any CPU.ActiveCfg = Release|Any CPU
		{ED5869AC-316D-49F2-A67B-2B5FFD6A2DEE}.Release|Any CPU.Build.0 = Release|Any CPU
		{D9CB414C-3453-4E09-8D5C-F8C8EF1284FD}.Debug|Any CPU.ActiveCfg = Debug|Any CPU
		{D9CB414C-3453-4E09-8D5C-F8C8EF1284FD}.Debug|Any CPU.Build.0 = Debug|Any CPU
		{D9CB414C-3453-4E09-8D5C-F8C8EF1284FD}.Release|Any CPU.ActiveCfg = Release|Any CPU
		{D9CB414C-3453-4E09-8D5C-F8C8EF1284FD}.Release|Any CPU.Build.0 = Release|Any CPU
	EndGlobalSection
	GlobalSection(SolutionProperties) = preSolution
		HideSolutionNode = FALSE
	EndGlobalSection
	GlobalSection(ExtensibilityGlobals) = postSolution
		SolutionGuid = {499780D1-52FB-43A5-BF50-DB34E4FC6129}
	EndGlobalSection
EndGlobal
